
Microsoft Visual Studio Solution File, Format Version 12.00
# Visual Studio 15
VisualStudioVersion = 15.0.26430.15
MinimumVisualStudioVersion = 10.0.40219.1
Project("{FAE04EC0-301F-11D3-BF4B-00C04F79EFBC}") = "MonoGameTests", "MonoGameTests\MonoGameTests.csproj", "{9A7AEA71-3CB0-4D03-87CD-BCD4395CBB28}"
EndProject
Global
	GlobalSection(SolutionConfigurationPlatforms) = preSolution
		Debug|Any CPU = Debug|Any CPU
		Release|Any CPU = Release|Any CPU
	EndGlobalSection
	GlobalSection(ProjectConfigurationPlatforms) = postSolution
		{9A7AEA71-3CB0-4D03-87CD-BCD4395CBB28}.Debug|Any CPU.ActiveCfg = Debug|Any CPU
		{9A7AEA71-3CB0-4D03-87CD-BCD4395CBB28}.Debug|Any CPU.Build.0 = Debug|Any CPU
		{9A7AEA71-3CB0-4D03-87CD-BCD4395CBB28}.Release|Any CPU.ActiveCfg = Release|Any CPU
		{9A7AEA71-3CB0-4D03-87CD-BCD4395CBB28}.Release|Any CPU.Build.0 = Release|Any CPU
	EndGlobalSection
	GlobalSection(SolutionProperties) = preSolution
		HideSolutionNode = FALSE
	EndGlobalSection
	GlobalSection(ExtensibilityGlobals) = postSolution
		SolutionGuid = {6E90D356-1B53-4E0E-9877-757FF54C4283}
	EndGlobalSection
EndGlobal
